{
  "nodes": {
    "elm": {
      "inputs": {
        "flake-utils": [
          "flake-utils"
        ],
        "nixpkgs-elm0190": "nixpkgs-elm0190",
        "nixpkgs-ghc865": "nixpkgs-ghc865"
      },
      "locked": {
        "lastModified": 1,
        "narHash": "sha256-ZP9LXC4x01Liq8qZNUFPGMJWMb/YziBHbIaD8RJrF7I=",
        "path": "/nix/store/j4djdn4pi1yp0il9laj8ma4699b7abv8-source/elm-0.19.0",
        "type": "path"
      },
      "original": {
        "path": "/nix/store/j4djdn4pi1yp0il9laj8ma4699b7abv8-source/elm-0.19.0",
        "type": "path"
      }
    },
    "flake-utils": {
      "inputs": {
        "systems": "systems"
      },
      "locked": {
        "lastModified": 1694529238,
        "narHash": "sha256-zsNZZGTGnMOf9YpHKJqMSsa0dXbfmxeoJ7xHlrt+xmY=",
        "owner": "numtide",
        "repo": "flake-utils",
        "rev": "ff7b65b44d01cf9ba6a71320833626af21126384",
        "type": "github"
      },
      "original": {
        "owner": "numtide",
        "repo": "flake-utils",
        "type": "github"
      }
    },
    "nixpkgs": {
      "locked": {
        "lastModified": 1697157458,
        "narHash": "sha256-TN/A1FQJ2iztnic4mG/LCuRgh/cntOwxEcUoFm+y9uw=",
        "owner": "nixos",
        "repo": "nixpkgs",
        "rev": "1db3ebde866b8e5725781152f98656aaaefab4ec",
        "type": "github"
      },
      "original": {
        "owner": "nixos",
        "repo": "nixpkgs",
        "type": "github"
      }
    },
    "nixpkgs-elm0190": {
      "flake": false,
      "locked": {
        "lastModified": 1571667155,
        "narHash": "sha256-XegNnVm7Dk4dBpO7WGPyPF+JD2KYUtOcQXZDfh8T5mQ=",
        "owner": "nixos",
        "repo": "nixpkgs",
        "rev": "22b0be560914b738e5342148caebd5c575b5a0b9",
        "type": "github"
      },
      "original": {
        "owner": "nixos",
        "repo": "nixpkgs",
        "rev": "22b0be560914b738e5342148caebd5c575b5a0b9",
        "type": "github"
      }
    },
    "nixpkgs-ghc865": {
      "locked": {
        "lastModified": 1615578822,
        "narHash": "sha256-38Cf9fv+S2CAYxcKcyJ+o2v6HnounGhMWWyV1VUFMN0=",
        "owner": "nixos",
        "repo": "nixpkgs",
        "rev": "795ef4f46f66c9ca6ab43929135f7ebb6170711b",
        "type": "github"
      },
      "original": {
        "owner": "nixos",
        "repo": "nixpkgs",
        "rev": "795ef4f46f66c9ca6ab43929135f7ebb6170711b",
        "type": "github"
      }
    },
    "root": {
      "inputs": {
        "elm": "elm",
        "flake-utils": "flake-utils",
        "nixpkgs": "nixpkgs"
      }
    },
    "systems": {
      "locked": {
        "lastModified": 1681028828,
        "narHash": "sha256-Vy1rq5AaRuLzOxct8nz4T6wlgyUR7zLU309k9mBC768=",
        "owner": "nix-systems",
        "repo": "default",
        "rev": "da67096a3b9bf56a91d16901293e51ba5b49a27e",
        "type": "github"
      },
      "original": {
        "owner": "nix-systems",
        "repo": "default",
        "type": "github"
      }
    }
  },
  "root": "root",
  "version": 7
}
